// !$*UTF8*$!
{
	archiveVersion = 1;
	classes = {
	};
	objectVersion = 51;
	objects = {

/* Begin PBXBuildFile section */
		5147C7AF238A050F0074D017 /* EditProfileViewController.swift in Sources */ = {isa = PBXBuildFile; fileRef = 5147C7AE238A050F0074D017 /* EditProfileViewController.swift */; };
		517024452383975C00C5CB00 /* DogAPI.swift in Sources */ = {isa = PBXBuildFile; fileRef = 517024442383975C00C5CB00 /* DogAPI.swift */; };
		518DDE8C237E61DD0060FDAA /* UserProfile.swift in Sources */ = {isa = PBXBuildFile; fileRef = 518DDE8B237E61DD0060FDAA /* UserProfile.swift */; };
		51A009BD237D195F00719C27 /* CustomCheckedTableViewCell.swift in Sources */ = {isa = PBXBuildFile; fileRef = 51A009BC237D195F00719C27 /* CustomCheckedTableViewCell.swift */; };
		51CB36EF237A3E1A00D6ABF0 /* CreateProfile1.swift in Sources */ = {isa = PBXBuildFile; fileRef = 51CB36EE237A3E1A00D6ABF0 /* CreateProfile1.swift */; };
		64130057238B5FA60071C380 /* ApiProfile.swift in Sources */ = {isa = PBXBuildFile; fileRef = 64130056238B5FA60071C380 /* ApiProfile.swift */; };
		6413005B238B66E30071C380 /* ApiMatches.swift in Sources */ = {isa = PBXBuildFile; fileRef = 6413005A238B66E30071C380 /* ApiMatches.swift */; };
		6413005D238B66F50071C380 /* ApiMessages.swift in Sources */ = {isa = PBXBuildFile; fileRef = 6413005C238B66F50071C380 /* ApiMessages.swift */; };
		6413005F238B67080071C380 /* ApiAuth.swift in Sources */ = {isa = PBXBuildFile; fileRef = 6413005E238B67080071C380 /* ApiAuth.swift */; };
		64130061238B687B0071C380 /* ApiShared.swift in Sources */ = {isa = PBXBuildFile; fileRef = 64130060238B687A0071C380 /* ApiShared.swift */; };
		64AF582A23822BFA0060B13B /* Api.swift in Sources */ = {isa = PBXBuildFile; fileRef = 64AF582923822BFA0060B13B /* Api.swift */; };
		64AF582C238236A50060B13B /* SignUp.swift in Sources */ = {isa = PBXBuildFile; fileRef = 64AF582B238236A50060B13B /* SignUp.swift */; };
		7768712523946443009E29CA /* Converstions.swift in Sources */ = {isa = PBXBuildFile; fileRef = 7768712423946443009E29CA /* Converstions.swift */; };
		77687127239464FB009E29CA /* MessageView.swift in Sources */ = {isa = PBXBuildFile; fileRef = 77687126239464FB009E29CA /* MessageView.swift */; };
		777EAFD4237E5B49007CFF96 /* CreateProfile2.swift in Sources */ = {isa = PBXBuildFile; fileRef = 777EAFD3237E5B49007CFF96 /* CreateProfile2.swift */; };
		777EAFD6237E5C02007CFF96 /* CreateProfile3.swift in Sources */ = {isa = PBXBuildFile; fileRef = 777EAFD5237E5C02007CFF96 /* CreateProfile3.swift */; };
		777EAFD8237E5C1A007CFF96 /* CreateProfile4.swift in Sources */ = {isa = PBXBuildFile; fileRef = 777EAFD7237E5C1A007CFF96 /* CreateProfile4.swift */; };
		778A33632396E21700C71D5E /* OtherUserProfile.swift in Sources */ = {isa = PBXBuildFile; fileRef = 778A33622396E21700C71D5E /* OtherUserProfile.swift */; };
		77A2F2B0238782F000B5D963 /* Home.swift in Sources */ = {isa = PBXBuildFile; fileRef = 77A2F2AF238782F000B5D963 /* Home.swift */; };
		77D80D872377849B0043254B /* AppDelegate.swift in Sources */ = {isa = PBXBuildFile; fileRef = 77D80D862377849B0043254B /* AppDelegate.swift */; };
		77D80D892377849B0043254B /* SceneDelegate.swift in Sources */ = {isa = PBXBuildFile; fileRef = 77D80D882377849B0043254B /* SceneDelegate.swift */; };
		77D80D8B2377849B0043254B /* Login.swift in Sources */ = {isa = PBXBuildFile; fileRef = 77D80D8A2377849B0043254B /* Login.swift */; };
		77D80D8E2377849B0043254B /* Main.storyboard in Resources */ = {isa = PBXBuildFile; fileRef = 77D80D8C2377849B0043254B /* Main.storyboard */; };
		77D80D90237784A00043254B /* Assets.xcassets in Resources */ = {isa = PBXBuildFile; fileRef = 77D80D8F237784A00043254B /* Assets.xcassets */; };
		77D80D93237784A00043254B /* LaunchScreen.storyboard in Resources */ = {isa = PBXBuildFile; fileRef = 77D80D91237784A00043254B /* LaunchScreen.storyboard */; };
		9342198023965D3D00D21361 /* matchCollectionViewCell.swift in Sources */ = {isa = PBXBuildFile; fileRef = 9342197F23965D3D00D21361 /* matchCollectionViewCell.swift */; };
		93421988239758E200D21361 /* ConvoTableViewCell.swift in Sources */ = {isa = PBXBuildFile; fileRef = 93421987239758E200D21361 /* ConvoTableViewCell.swift */; };
		934AAA752377DE9A0007EBAA /* GoogleService-Info.plist in Resources */ = {isa = PBXBuildFile; fileRef = 934AAA742377DE9A0007EBAA /* GoogleService-Info.plist */; };
		B2684C87D843150B5AC9CA80 /* Pods_PupTinder.framework in Frameworks */ = {isa = PBXBuildFile; fileRef = DDC01A5D67AE29030B3ABDF6 /* Pods_PupTinder.framework */; };
/* End PBXBuildFile section */

/* Begin PBXFileReference section */
		5147C7AE238A050F0074D017 /* EditProfileViewController.swift */ = {isa = PBXFileReference; lastKnownFileType = sourcecode.swift; path = EditProfileViewController.swift; sourceTree = "<group>"; };
		517024442383975C00C5CB00 /* DogAPI.swift */ = {isa = PBXFileReference; lastKnownFileType = sourcecode.swift; path = DogAPI.swift; sourceTree = "<group>"; };
		518DDE8B237E61DD0060FDAA /* UserProfile.swift */ = {isa = PBXFileReference; lastKnownFileType = sourcecode.swift; path = UserProfile.swift; sourceTree = "<group>"; };
		51A009BC237D195F00719C27 /* CustomCheckedTableViewCell.swift */ = {isa = PBXFileReference; lastKnownFileType = sourcecode.swift; path = CustomCheckedTableViewCell.swift; sourceTree = "<group>"; };
		51CB36EE237A3E1A00D6ABF0 /* CreateProfile1.swift */ = {isa = PBXFileReference; fileEncoding = 4; lastKnownFileType = sourcecode.swift; path = CreateProfile1.swift; sourceTree = "<group>"; };
		64130056238B5FA60071C380 /* ApiProfile.swift */ = {isa = PBXFileReference; lastKnownFileType = sourcecode.swift; path = ApiProfile.swift; sourceTree = "<group>"; };
		6413005A238B66E30071C380 /* ApiMatches.swift */ = {isa = PBXFileReference; lastKnownFileType = sourcecode.swift; path = ApiMatches.swift; sourceTree = "<group>"; };
		6413005C238B66F50071C380 /* ApiMessages.swift */ = {isa = PBXFileReference; lastKnownFileType = sourcecode.swift; path = ApiMessages.swift; sourceTree = "<group>"; };
		6413005E238B67080071C380 /* ApiAuth.swift */ = {isa = PBXFileReference; lastKnownFileType = sourcecode.swift; path = ApiAuth.swift; sourceTree = "<group>"; };
		64130060238B687A0071C380 /* ApiShared.swift */ = {isa = PBXFileReference; lastKnownFileType = sourcecode.swift; path = ApiShared.swift; sourceTree = "<group>"; };
		64AF582923822BFA0060B13B /* Api.swift */ = {isa = PBXFileReference; lastKnownFileType = sourcecode.swift; path = Api.swift; sourceTree = "<group>"; };
		64AF582B238236A50060B13B /* SignUp.swift */ = {isa = PBXFileReference; lastKnownFileType = sourcecode.swift; path = SignUp.swift; sourceTree = "<group>"; };
		7768712423946443009E29CA /* Converstions.swift */ = {isa = PBXFileReference; lastKnownFileType = sourcecode.swift; path = Converstions.swift; sourceTree = "<group>"; };
		77687126239464FB009E29CA /* MessageView.swift */ = {isa = PBXFileReference; lastKnownFileType = sourcecode.swift; path = MessageView.swift; sourceTree = "<group>"; };
		777EAFD3237E5B49007CFF96 /* CreateProfile2.swift */ = {isa = PBXFileReference; lastKnownFileType = sourcecode.swift; path = CreateProfile2.swift; sourceTree = "<group>"; };
		777EAFD5237E5C02007CFF96 /* CreateProfile3.swift */ = {isa = PBXFileReference; lastKnownFileType = sourcecode.swift; path = CreateProfile3.swift; sourceTree = "<group>"; };
		777EAFD7237E5C1A007CFF96 /* CreateProfile4.swift */ = {isa = PBXFileReference; lastKnownFileType = sourcecode.swift; path = CreateProfile4.swift; sourceTree = "<group>"; };
		778A33622396E21700C71D5E /* OtherUserProfile.swift */ = {isa = PBXFileReference; lastKnownFileType = sourcecode.swift; path = OtherUserProfile.swift; sourceTree = "<group>"; };
		77A2F2AF238782F000B5D963 /* Home.swift */ = {isa = PBXFileReference; lastKnownFileType = sourcecode.swift; path = Home.swift; sourceTree = "<group>"; };
		77D80D832377849B0043254B /* PupTinder.app */ = {isa = PBXFileReference; explicitFileType = wrapper.application; includeInIndex = 0; path = PupTinder.app; sourceTree = BUILT_PRODUCTS_DIR; };
		77D80D862377849B0043254B /* AppDelegate.swift */ = {isa = PBXFileReference; lastKnownFileType = sourcecode.swift; path = AppDelegate.swift; sourceTree = "<group>"; };
		77D80D882377849B0043254B /* SceneDelegate.swift */ = {isa = PBXFileReference; lastKnownFileType = sourcecode.swift; path = SceneDelegate.swift; sourceTree = "<group>"; };
		77D80D8A2377849B0043254B /* Login.swift */ = {isa = PBXFileReference; lastKnownFileType = sourcecode.swift; path = Login.swift; sourceTree = "<group>"; };
		77D80D8D2377849B0043254B /* Base */ = {isa = PBXFileReference; lastKnownFileType = file.storyboard; name = Base; path = Base.lproj/Main.storyboard; sourceTree = "<group>"; };
		77D80D8F237784A00043254B /* Assets.xcassets */ = {isa = PBXFileReference; lastKnownFileType = folder.assetcatalog; path = Assets.xcassets; sourceTree = "<group>"; };
		77D80D92237784A00043254B /* Base */ = {isa = PBXFileReference; lastKnownFileType = file.storyboard; name = Base; path = Base.lproj/LaunchScreen.storyboard; sourceTree = "<group>"; };
		77D80D94237784A00043254B /* Info.plist */ = {isa = PBXFileReference; lastKnownFileType = text.plist.xml; path = Info.plist; sourceTree = "<group>"; };
		894271ABEA1ABECDC1F67133 /* Pods-PupTinder.debug.xcconfig */ = {isa = PBXFileReference; includeInIndex = 1; lastKnownFileType = text.xcconfig; name = "Pods-PupTinder.debug.xcconfig"; path = "Target Support Files/Pods-PupTinder/Pods-PupTinder.debug.xcconfig"; sourceTree = "<group>"; };
		9342197F23965D3D00D21361 /* matchCollectionViewCell.swift */ = {isa = PBXFileReference; lastKnownFileType = sourcecode.swift; path = matchCollectionViewCell.swift; sourceTree = "<group>"; };
		93421987239758E200D21361 /* ConvoTableViewCell.swift */ = {isa = PBXFileReference; lastKnownFileType = sourcecode.swift; path = ConvoTableViewCell.swift; sourceTree = "<group>"; };
		934AAA742377DE9A0007EBAA /* GoogleService-Info.plist */ = {isa = PBXFileReference; fileEncoding = 4; lastKnownFileType = text.plist.xml; path = "GoogleService-Info.plist"; sourceTree = "<group>"; };
		DBB05B25ABBA01051E8925EC /* Pods-PupTinder.release.xcconfig */ = {isa = PBXFileReference; includeInIndex = 1; lastKnownFileType = text.xcconfig; name = "Pods-PupTinder.release.xcconfig"; path = "Target Support Files/Pods-PupTinder/Pods-PupTinder.release.xcconfig"; sourceTree = "<group>"; };
		DDC01A5D67AE29030B3ABDF6 /* Pods_PupTinder.framework */ = {isa = PBXFileReference; explicitFileType = wrapper.framework; includeInIndex = 0; path = Pods_PupTinder.framework; sourceTree = BUILT_PRODUCTS_DIR; };
/* End PBXFileReference section */

/* Begin PBXFrameworksBuildPhase section */
		77D80D802377849B0043254B /* Frameworks */ = {
			isa = PBXFrameworksBuildPhase;
			buildActionMask = 2147483647;
			files = (
				B2684C87D843150B5AC9CA80 /* Pods_PupTinder.framework in Frameworks */,
			);
			runOnlyForDeploymentPostprocessing = 0;
		};
/* End PBXFrameworksBuildPhase section */

/* Begin PBXGroup section */
		5A00D41226B565BE0104CC8E /* Pods */ = {
			isa = PBXGroup;
			children = (
				894271ABEA1ABECDC1F67133 /* Pods-PupTinder.debug.xcconfig */,
				DBB05B25ABBA01051E8925EC /* Pods-PupTinder.release.xcconfig */,
			);
			path = Pods;
			sourceTree = "<group>";
		};
		64130055238B5D230071C380 /* Api */ = {
			isa = PBXGroup;
			children = (
				517024442383975C00C5CB00 /* DogAPI.swift */,
				64AF582923822BFA0060B13B /* Api.swift */,
				64130060238B687A0071C380 /* ApiShared.swift */,
				6413005E238B67080071C380 /* ApiAuth.swift */,
				64130056238B5FA60071C380 /* ApiProfile.swift */,
				6413005A238B66E30071C380 /* ApiMatches.swift */,
				6413005C238B66F50071C380 /* ApiMessages.swift */,
			);
			path = Api;
			sourceTree = "<group>";
		};
		77D80D7A2377849B0043254B = {
			isa = PBXGroup;
			children = (
				77D80D852377849B0043254B /* PupTinder */,
				77D80D842377849B0043254B /* Products */,
				5A00D41226B565BE0104CC8E /* Pods */,
				8A166E01EB08526174C12088 /* Frameworks */,
			);
			sourceTree = "<group>";
		};
		77D80D842377849B0043254B /* Products */ = {
			isa = PBXGroup;
			children = (
				77D80D832377849B0043254B /* PupTinder.app */,
			);
			name = Products;
			sourceTree = "<group>";
		};
		77D80D852377849B0043254B /* PupTinder */ = {
			isa = PBXGroup;
			children = (
				64130055238B5D230071C380 /* Api */,
				77F6A54F23981DE300F2BADB /* createProfileViews */,
				77F6A55323981EF000F2BADB /* delegates */,
				77F6A55123981E8A00F2BADB /* loginSignUp */,
				77F6A55223981EB300F2BADB /* messageAndConversationViews */,
				77F6A55023981E3000F2BADB /* userProfiles */,
				934AAA742377DE9A0007EBAA /* GoogleService-Info.plist */,
				77D80D91237784A00043254B /* LaunchScreen.storyboard */,
				77D80D8C2377849B0043254B /* Main.storyboard */,
				77D80D94237784A00043254B /* Info.plist */,
				77A2F2AF238782F000B5D963 /* Home.swift */,
				77D80D8F237784A00043254B /* Assets.xcassets */,
			);
			path = PupTinder;
			sourceTree = "<group>";
		};
		77F6A54F23981DE300F2BADB /* createProfileViews */ = {
			isa = PBXGroup;
			children = (
				51CB36EE237A3E1A00D6ABF0 /* CreateProfile1.swift */,
				777EAFD3237E5B49007CFF96 /* CreateProfile2.swift */,
				777EAFD5237E5C02007CFF96 /* CreateProfile3.swift */,
				777EAFD7237E5C1A007CFF96 /* CreateProfile4.swift */,
				51A009BC237D195F00719C27 /* CustomCheckedTableViewCell.swift */,
			);
			path = createProfileViews;
			sourceTree = "<group>";
		};
		77F6A55023981E3000F2BADB /* userProfiles */ = {
			isa = PBXGroup;
			children = (
				518DDE8B237E61DD0060FDAA /* UserProfile.swift */,
				778A33622396E21700C71D5E /* OtherUserProfile.swift */,
				5147C7AE238A050F0074D017 /* EditProfileViewController.swift */,
			);
			path = userProfiles;
			sourceTree = "<group>";
		};
		77F6A55123981E8A00F2BADB /* loginSignUp */ = {
			isa = PBXGroup;
			children = (
				77D80D8A2377849B0043254B /* Login.swift */,
				64AF582B238236A50060B13B /* SignUp.swift */,
			);
			path = loginSignUp;
			sourceTree = "<group>";
		};
		77F6A55223981EB300F2BADB /* messageAndConversationViews */ = {
			isa = PBXGroup;
			children = (
				7768712423946443009E29CA /* Converstions.swift */,
				93421987239758E200D21361 /* ConvoTableViewCell.swift */,
				9342197F23965D3D00D21361 /* matchCollectionViewCell.swift */,
				77687126239464FB009E29CA /* MessageView.swift */,
			);
			path = messageAndConversationViews;
			sourceTree = "<group>";
		};
		77F6A55323981EF000F2BADB /* delegates */ = {
			isa = PBXGroup;
			children = (
				77D80D862377849B0043254B /* AppDelegate.swift */,
				77D80D882377849B0043254B /* SceneDelegate.swift */,
			);
			path = delegates;
			sourceTree = "<group>";
		};
		8A166E01EB08526174C12088 /* Frameworks */ = {
			isa = PBXGroup;
			children = (
				DDC01A5D67AE29030B3ABDF6 /* Pods_PupTinder.framework */,
			);
			name = Frameworks;
			sourceTree = "<group>";
		};
/* End PBXGroup section */

/* Begin PBXNativeTarget section */
		77D80D822377849B0043254B /* PupTinder */ = {
			isa = PBXNativeTarget;
			buildConfigurationList = 77D80D97237784A00043254B /* Build configuration list for PBXNativeTarget "PupTinder" */;
			buildPhases = (
				0AD5F0FB2F59B7188EE6A1A4 /* [CP] Check Pods Manifest.lock */,
				77D80D7F2377849B0043254B /* Sources */,
				77D80D802377849B0043254B /* Frameworks */,
				77D80D812377849B0043254B /* Resources */,
				E024BD546A41753D2E052F0F /* [CP] Embed Pods Frameworks */,
				2E4C004E53F77923AD964104 /* [CP] Copy Pods Resources */,
			);
			buildRules = (
			);
			dependencies = (
			);
			name = PupTinder;
			productName = PupTinder;
			productReference = 77D80D832377849B0043254B /* PupTinder.app */;
			productType = "com.apple.product-type.application";
		};
/* End PBXNativeTarget section */

/* Begin PBXProject section */
		77D80D7B2377849B0043254B /* Project object */ = {
			isa = PBXProject;
			attributes = {
				LastSwiftUpdateCheck = 1120;
				LastUpgradeCheck = 1120;
				ORGANIZATIONNAME = ecs189e;
				TargetAttributes = {
					77D80D822377849B0043254B = {
						CreatedOnToolsVersion = 11.2;
					};
				};
			};
			buildConfigurationList = 77D80D7E2377849B0043254B /* Build configuration list for PBXProject "PupTinder" */;
			compatibilityVersion = "Xcode 9.3";
			developmentRegion = en;
			hasScannedForEncodings = 0;
			knownRegions = (
				en,
				Base,
			);
			mainGroup = 77D80D7A2377849B0043254B;
			productRefGroup = 77D80D842377849B0043254B /* Products */;
			projectDirPath = "";
			projectRoot = "";
			targets = (
				77D80D822377849B0043254B /* PupTinder */,
			);
		};
/* End PBXProject section */

/* Begin PBXResourcesBuildPhase section */
		77D80D812377849B0043254B /* Resources */ = {
			isa = PBXResourcesBuildPhase;
			buildActionMask = 2147483647;
			files = (
				77D80D93237784A00043254B /* LaunchScreen.storyboard in Resources */,
				934AAA752377DE9A0007EBAA /* GoogleService-Info.plist in Resources */,
				77D80D90237784A00043254B /* Assets.xcassets in Resources */,
				77D80D8E2377849B0043254B /* Main.storyboard in Resources */,
			);
			runOnlyForDeploymentPostprocessing = 0;
		};
/* End PBXResourcesBuildPhase section */

/* Begin PBXShellScriptBuildPhase section */
		0AD5F0FB2F59B7188EE6A1A4 /* [CP] Check Pods Manifest.lock */ = {
			isa = PBXShellScriptBuildPhase;
			buildActionMask = 2147483647;
			files = (
			);
			inputFileListPaths = (
			);
			inputPaths = (
				"${PODS_PODFILE_DIR_PATH}/Podfile.lock",
				"${PODS_ROOT}/Manifest.lock",
			);
			name = "[CP] Check Pods Manifest.lock";
			outputFileListPaths = (
			);
			outputPaths = (
				"$(DERIVED_FILE_DIR)/Pods-PupTinder-checkManifestLockResult.txt",
			);
			runOnlyForDeploymentPostprocessing = 0;
			shellPath = /bin/sh;
			shellScript = "diff \"${PODS_PODFILE_DIR_PATH}/Podfile.lock\" \"${PODS_ROOT}/Manifest.lock\" > /dev/null\nif [ $? != 0 ] ; then\n    # print error to STDERR\n    echo \"error: The sandbox is not in sync with the Podfile.lock. Run 'pod install' or update your CocoaPods installation.\" >&2\n    exit 1\nfi\n# This output is used by Xcode 'outputs' to avoid re-running this script phase.\necho \"SUCCESS\" > \"${SCRIPT_OUTPUT_FILE_0}\"\n";
			showEnvVarsInLog = 0;
		};
		2E4C004E53F77923AD964104 /* [CP] Copy Pods Resources */ = {
			isa = PBXShellScriptBuildPhase;
			buildActionMask = 2147483647;
			files = (
			);
			inputFileListPaths = (
				"${PODS_ROOT}/Target Support Files/Pods-PupTinder/Pods-PupTinder-resources-${CONFIGURATION}-input-files.xcfilelist",
			);
			name = "[CP] Copy Pods Resources";
			outputFileListPaths = (
				"${PODS_ROOT}/Target Support Files/Pods-PupTinder/Pods-PupTinder-resources-${CONFIGURATION}-output-files.xcfilelist",
			);
			runOnlyForDeploymentPostprocessing = 0;
			shellPath = /bin/sh;
			shellScript = "\"${PODS_ROOT}/Target Support Files/Pods-PupTinder/Pods-PupTinder-resources.sh\"\n";
			showEnvVarsInLog = 0;
		};
		E024BD546A41753D2E052F0F /* [CP] Embed Pods Frameworks */ = {
			isa = PBXShellScriptBuildPhase;
			buildActionMask = 2147483647;
			files = (
			);
			inputFileListPaths = (
				"${PODS_ROOT}/Target Support Files/Pods-PupTinder/Pods-PupTinder-frameworks-${CONFIGURATION}-input-files.xcfilelist",
			);
			name = "[CP] Embed Pods Frameworks";
			outputFileListPaths = (
				"${PODS_ROOT}/Target Support Files/Pods-PupTinder/Pods-PupTinder-frameworks-${CONFIGURATION}-output-files.xcfilelist",
			);
			runOnlyForDeploymentPostprocessing = 0;
			shellPath = /bin/sh;
			shellScript = "\"${PODS_ROOT}/Target Support Files/Pods-PupTinder/Pods-PupTinder-frameworks.sh\"\n";
			showEnvVarsInLog = 0;
		};
/* End PBXShellScriptBuildPhase section */

/* Begin PBXSourcesBuildPhase section */
		77D80D7F2377849B0043254B /* Sources */ = {
			isa = PBXSourcesBuildPhase;
			buildActionMask = 2147483647;
			files = (
				6413005D238B66F50071C380 /* ApiMessages.swift in Sources */,
				777EAFD8237E5C1A007CFF96 /* CreateProfile4.swift in Sources */,
				64AF582C238236A50060B13B /* SignUp.swift in Sources */,
				93421988239758E200D21361 /* ConvoTableViewCell.swift in Sources */,
				51A009BD237D195F00719C27 /* CustomCheckedTableViewCell.swift in Sources */,
				64130061238B687B0071C380 /* ApiShared.swift in Sources */,
				51CB36EF237A3E1A00D6ABF0 /* CreateProfile1.swift in Sources */,
				77687127239464FB009E29CA /* MessageView.swift in Sources */,
				77D80D8B2377849B0043254B /* Login.swift in Sources */,
				9342198023965D3D00D21361 /* matchCollectionViewCell.swift in Sources */,
				518DDE8C237E61DD0060FDAA /* UserProfile.swift in Sources */,
				6413005F238B67080071C380 /* ApiAuth.swift in Sources */,
				7768712523946443009E29CA /* Converstions.swift in Sources */,
				64130057238B5FA60071C380 /* ApiProfile.swift in Sources */,
				77A2F2B0238782F000B5D963 /* Home.swift in Sources */,
				5147C7AF238A050F0074D017 /* EditProfileViewController.swift in Sources */,
				6413005B238B66E30071C380 /* ApiMatches.swift in Sources */,
				64AF582A23822BFA0060B13B /* Api.swift in Sources */,
				517024452383975C00C5CB00 /* DogAPI.swift in Sources */,
				77D80D872377849B0043254B /* AppDelegate.swift in Sources */,
				777EAFD6237E5C02007CFF96 /* CreateProfile3.swift in Sources */,
				777EAFD4237E5B49007CFF96 /* CreateProfile2.swift in Sources */,
				778A33632396E21700C71D5E /* OtherUserProfile.swift in Sources */,
				77D80D892377849B0043254B /* SceneDelegate.swift in Sources */,
			);
			runOnlyForDeploymentPostprocessing = 0;
		};
/* End PBXSourcesBuildPhase section */

/* Begin PBXVariantGroup section */
		77D80D8C2377849B0043254B /* Main.storyboard */ = {
			isa = PBXVariantGroup;
			children = (
				77D80D8D2377849B0043254B /* Base */,
			);
			name = Main.storyboard;
			sourceTree = "<group>";
		};
		77D80D91237784A00043254B /* LaunchScreen.storyboard */ = {
			isa = PBXVariantGroup;
			children = (
				77D80D92237784A00043254B /* Base */,
			);
			name = LaunchScreen.storyboard;
			sourceTree = "<group>";
		};
/* End PBXVariantGroup section */

/* Begin XCBuildConfiguration section */
		77D80D95237784A00043254B /* Debug */ = {
			isa = XCBuildConfiguration;
			buildSettings = {
				ALWAYS_SEARCH_USER_PATHS = NO;
				CLANG_ANALYZER_NONNULL = YES;
				CLANG_ANALYZER_NUMBER_OBJECT_CONVERSION = YES_AGGRESSIVE;
				CLANG_CXX_LANGUAGE_STANDARD = "gnu++14";
				CLANG_CXX_LIBRARY = "libc++";
				CLANG_ENABLE_MODULES = YES;
				CLANG_ENABLE_OBJC_ARC = YES;
				CLANG_ENABLE_OBJC_WEAK = YES;
				CLANG_WARN_BLOCK_CAPTURE_AUTORELEASING = YES;
				CLANG_WARN_BOOL_CONVERSION = YES;
				CLANG_WARN_COMMA = YES;
				CLANG_WARN_CONSTANT_CONVERSION = YES;
				CLANG_WARN_DEPRECATED_OBJC_IMPLEMENTATIONS = YES;
				CLANG_WARN_DIRECT_OBJC_ISA_USAGE = YES_ERROR;
				CLANG_WARN_DOCUMENTATION_COMMENTS = YES;
				CLANG_WARN_EMPTY_BODY = YES;
				CLANG_WARN_ENUM_CONVERSION = YES;
				CLANG_WARN_INFINITE_RECURSION = YES;
				CLANG_WARN_INT_CONVERSION = YES;
				CLANG_WARN_NON_LITERAL_NULL_CONVERSION = YES;
				CLANG_WARN_OBJC_IMPLICIT_RETAIN_SELF = YES;
				CLANG_WARN_OBJC_LITERAL_CONVERSION = YES;
				CLANG_WARN_OBJC_ROOT_CLASS = YES_ERROR;
				CLANG_WARN_RANGE_LOOP_ANALYSIS = YES;
				CLANG_WARN_STRICT_PROTOTYPES = YES;
				CLANG_WARN_SUSPICIOUS_MOVE = YES;
				CLANG_WARN_UNGUARDED_AVAILABILITY = YES_AGGRESSIVE;
				CLANG_WARN_UNREACHABLE_CODE = YES;
				CLANG_WARN__DUPLICATE_METHOD_MATCH = YES;
				COPY_PHASE_STRIP = NO;
				DEBUG_INFORMATION_FORMAT = dwarf;
				ENABLE_STRICT_OBJC_MSGSEND = YES;
				ENABLE_TESTABILITY = YES;
				GCC_C_LANGUAGE_STANDARD = gnu11;
				GCC_DYNAMIC_NO_PIC = NO;
				GCC_NO_COMMON_BLOCKS = YES;
				GCC_OPTIMIZATION_LEVEL = 0;
				GCC_PREPROCESSOR_DEFINITIONS = (
					"DEBUG=1",
					"$(inherited)",
				);
				GCC_WARN_64_TO_32_BIT_CONVERSION = YES;
				GCC_WARN_ABOUT_RETURN_TYPE = YES_ERROR;
				GCC_WARN_UNDECLARED_SELECTOR = YES;
				GCC_WARN_UNINITIALIZED_AUTOS = YES_AGGRESSIVE;
				GCC_WARN_UNUSED_FUNCTION = YES;
				GCC_WARN_UNUSED_VARIABLE = YES;
				IPHONEOS_DEPLOYMENT_TARGET = 13.2;
				MTL_ENABLE_DEBUG_INFO = INCLUDE_SOURCE;
				MTL_FAST_MATH = YES;
				ONLY_ACTIVE_ARCH = YES;
				SDKROOT = iphoneos;
				SWIFT_ACTIVE_COMPILATION_CONDITIONS = DEBUG;
				SWIFT_OPTIMIZATION_LEVEL = "-Onone";
			};
			name = Debug;
		};
		77D80D96237784A00043254B /* Release */ = {
			isa = XCBuildConfiguration;
			buildSettings = {
				ALWAYS_SEARCH_USER_PATHS = NO;
				CLANG_ANALYZER_NONNULL = YES;
				CLANG_ANALYZER_NUMBER_OBJECT_CONVERSION = YES_AGGRESSIVE;
				CLANG_CXX_LANGUAGE_STANDARD = "gnu++14";
				CLANG_CXX_LIBRARY = "libc++";
				CLANG_ENABLE_MODULES = YES;
				CLANG_ENABLE_OBJC_ARC = YES;
				CLANG_ENABLE_OBJC_WEAK = YES;
				CLANG_WARN_BLOCK_CAPTURE_AUTORELEASING = YES;
				CLANG_WARN_BOOL_CONVERSION = YES;
				CLANG_WARN_COMMA = YES;
				CLANG_WARN_CONSTANT_CONVERSION = YES;
				CLANG_WARN_DEPRECATED_OBJC_IMPLEMENTATIONS = YES;
				CLANG_WARN_DIRECT_OBJC_ISA_USAGE = YES_ERROR;
				CLANG_WARN_DOCUMENTATION_COMMENTS = YES;
				CLANG_WARN_EMPTY_BODY = YES;
				CLANG_WARN_ENUM_CONVERSION = YES;
				CLANG_WARN_INFINITE_RECURSION = YES;
				CLANG_WARN_INT_CONVERSION = YES;
				CLANG_WARN_NON_LITERAL_NULL_CONVERSION = YES;
				CLANG_WARN_OBJC_IMPLICIT_RETAIN_SELF = YES;
				CLANG_WARN_OBJC_LITERAL_CONVERSION = YES;
				CLANG_WARN_OBJC_ROOT_CLASS = YES_ERROR;
				CLANG_WARN_RANGE_LOOP_ANALYSIS = YES;
				CLANG_WARN_STRICT_PROTOTYPES = YES;
				CLANG_WARN_SUSPICIOUS_MOVE = YES;
				CLANG_WARN_UNGUARDED_AVAILABILITY = YES_AGGRESSIVE;
				CLANG_WARN_UNREACHABLE_CODE = YES;
				CLANG_WARN__DUPLICATE_METHOD_MATCH = YES;
				COPY_PHASE_STRIP = NO;
				DEBUG_INFORMATION_FORMAT = "dwarf-with-dsym";
				ENABLE_NS_ASSERTIONS = NO;
				ENABLE_STRICT_OBJC_MSGSEND = YES;
				GCC_C_LANGUAGE_STANDARD = gnu11;
				GCC_NO_COMMON_BLOCKS = YES;
				GCC_WARN_64_TO_32_BIT_CONVERSION = YES;
				GCC_WARN_ABOUT_RETURN_TYPE = YES_ERROR;
				GCC_WARN_UNDECLARED_SELECTOR = YES;
				GCC_WARN_UNINITIALIZED_AUTOS = YES_AGGRESSIVE;
				GCC_WARN_UNUSED_FUNCTION = YES;
				GCC_WARN_UNUSED_VARIABLE = YES;
				IPHONEOS_DEPLOYMENT_TARGET = 13.2;
				MTL_ENABLE_DEBUG_INFO = NO;
				MTL_FAST_MATH = YES;
				SDKROOT = iphoneos;
				SWIFT_COMPILATION_MODE = wholemodule;
				SWIFT_OPTIMIZATION_LEVEL = "-O";
				VALIDATE_PRODUCT = YES;
			};
			name = Release;
		};
		77D80D98237784A00043254B /* Debug */ = {
			isa = XCBuildConfiguration;
			baseConfigurationReference = 894271ABEA1ABECDC1F67133 /* Pods-PupTinder.debug.xcconfig */;
			buildSettings = {
				ASSETCATALOG_COMPILER_APPICON_NAME = AppIcon;
				CODE_SIGN_STYLE = Automatic;
				DEVELOPMENT_TEAM = 7722SW2M2G;
				INFOPLIST_FILE = PupTinder/Info.plist;
				IPHONEOS_DEPLOYMENT_TARGET = 11.0;
				LD_RUNPATH_SEARCH_PATHS = (
					"$(inherited)",
					"@executable_path/Frameworks",
				);
				PRODUCT_BUNDLE_IDENTIFIER = com.ecs189ex.PupTinder;
				PRODUCT_NAME = "$(TARGET_NAME)";
				SWIFT_VERSION = 5.0;
				TARGETED_DEVICE_FAMILY = 1;
			};
			name = Debug;
		};
		77D80D99237784A00043254B /* Release */ = {
			isa = XCBuildConfiguration;
			baseConfigurationReference = DBB05B25ABBA01051E8925EC /* Pods-PupTinder.release.xcconfig */;
			buildSettings = {
				ASSETCATALOG_COMPILER_APPICON_NAME = AppIcon;
				CODE_SIGN_STYLE = Automatic;
				DEVELOPMENT_TEAM = 7722SW2M2G;
				INFOPLIST_FILE = PupTinder/Info.plist;
				IPHONEOS_DEPLOYMENT_TARGET = 11.0;
				LD_RUNPATH_SEARCH_PATHS = (
					"$(inherited)",
					"@executable_path/Frameworks",
				);
				PRODUCT_BUNDLE_IDENTIFIER = com.ecs189ex.PupTinder;
				PRODUCT_NAME = "$(TARGET_NAME)";
				SWIFT_VERSION = 5.0;
				TARGETED_DEVICE_FAMILY = 1;
			};
			name = Release;
		};
/* End XCBuildConfiguration section */

/* Begin XCConfigurationList section */
		77D80D7E2377849B0043254B /* Build configuration list for PBXProject "PupTinder" */ = {
			isa = XCConfigurationList;
			buildConfigurations = (
				77D80D95237784A00043254B /* Debug */,
				77D80D96237784A00043254B /* Release */,
			);
			defaultConfigurationIsVisible = 0;
			defaultConfigurationName = Release;
		};
		77D80D97237784A00043254B /* Build configuration list for PBXNativeTarget "PupTinder" */ = {
			isa = XCConfigurationList;
			buildConfigurations = (
				77D80D98237784A00043254B /* Debug */,
				77D80D99237784A00043254B /* Release */,
			);
			defaultConfigurationIsVisible = 0;
			defaultConfigurationName = Release;
		};
/* End XCConfigurationList section */
	};
	rootObject = 77D80D7B2377849B0043254B /* Project object */;
}
